id	kind	name	primary_url	revision	sha256	license	license_sha256	provenance	redistribution	integration	audit_date	status
SPEC-0001	specification	Programme de recherche PrimeForge pas a pas 2026-08-02	local:docs/specifications/Programme_de_recherche_PrimeForge_pas_a_pas_2026-08-02.txt	1.0	A87A3DDDF710E3080C9A3F1247644FF9505ECBCF470358015E9EDF19214A01C1	UNSPECIFIED	UNKNOWN	User-provided original file	NOT_AUTHORIZED_BY_APACHE_SCOPE	REFERENCE_ONLY	2026-08-02	REPRODUCED
TOOL-0001	tool	Git	UNKNOWN	2.53.0.windows.3	UNKNOWN	UNKNOWN	UNKNOWN	Local installed executable	NOT_REDISTRIBUTED	DEVELOPMENT_TOOL	2026-08-02	REPRODUCED
TOOL-0002	tool	GitHub CLI	https://github.com/cli/cli	2.97.0	UNKNOWN	MIT	UNKNOWN	Official installation requested for private repository creation	NOT_REDISTRIBUTED	DEVELOPMENT_TOOL	2026-08-02	REPRODUCED
TOOL-0003	tool	Microsoft Visual Studio Community / MSVC	https://visualstudio.microsoft.com/	VS 18.8.2; MSVC 19.51.36252.0	UNKNOWN	PROPRIETARY	UNKNOWN	Locally installed official Visual Studio distribution	NOT_REDISTRIBUTED	BUILD_TOOL	2026-08-02	REPRODUCED
TOOL-0004	tool	CMake	https://cmake.org/	4.3.1-msvc1	UNKNOWN	BSD-3-Clause	UNKNOWN	Bundled with the local Visual Studio installation	NOT_REDISTRIBUTED	BUILD_TOOL	2026-08-02	REPRODUCED
TOOL-0005	tool	Ninja	https://ninja-build.org/	1.13.2	UNKNOWN	Apache-2.0	UNKNOWN	Bundled with the local Visual Studio installation	NOT_REDISTRIBUTED	BUILD_TOOL	2026-08-02	REPRODUCED
TOOL-0006	tool	Windows SDK	https://developer.microsoft.com/windows/downloads/windows-sdk/	10.0.26100.0	UNKNOWN	PROPRIETARY	UNKNOWN	Locally installed official Visual Studio component	NOT_REDISTRIBUTED	BUILD_TOOL	2026-08-02	REPRODUCED
CI-0001	ci_action	actions/checkout	https://github.com/actions/checkout	d23441a48e516b6c34aea4fa41551a30e30af803	UNKNOWN	MIT	3E855FFA704114A51628EF8F0BF3AEB41728ADF9D9070E263BF58AA5640B0EB5	Official GitHub repository; immutable v6 commit pin; Node.js 24 action runtime	NOT_REDISTRIBUTED	CI_ONLY	2026-08-02	LICENSE_VERIFIED
DEP-0001	candidate	primesieve	https://github.com/kimwalisch/primesieve	v12.15@4f85384851da23c36c01ec01ef85b5d9d246e556	40CFE3DDFE2659D7056BCC193C743C7B106EAB16F2DD7CC3891BB4139650982D	BSD-2-Clause	E76D77E55AC0F0AA7F01F0543995A8FB3DD8CBE6D394F08CD2AB471B1FDBF946	Official GitHub repository	NOTICE_REQUIRED	LINK	2026-08-02	REPRODUCED
DEP-0002	oracle_transitive	GMP	https://ftp.gnu.org/gnu/gmp/gmp-6.3.0.tar.xz	6.3.0#4	A3C2B80201B89E68616F4AD30BC66AEE4927C3CE50E33929CA819D5C43538898	LGPL-3.0-or-later OR GPL-2.0-or-later	A853C2FFEC17057872340EEE242AE4D96CBF2B520AE27D903E1B2FEF1A5F9D1C	Official GNU archive via pinned vcpkg	NOT_REDISTRIBUTED	LOCAL_ORACLE_TRANSITIVE	2026-08-02	RUNTIME_LOADED
DEP-0003	oracle	FLINT	https://github.com/flintlib/flint	v3.6.0@8d5454b96761fafe4d5a9da76a369a602f500f49	7CEA49DE94F0267D5DA13F6A5EF6422FE9640EB8933ACD0F5243F8498CC2888F	LGPL-3.0-or-later; VCPKG_METADATA_GPL-3.0-only	7D3A95E5E06978064ED3F8E2B7C8F845E7FD8A405294727CC708F94CB83B8059	Official GitHub source via pinned vcpkg; metadata discrepancy quarantined	NOT_REDISTRIBUTED	LOCAL_DYNAMIC_ORACLE_ONLY	2026-08-02	REPRODUCED
DEP-0004	candidate	Prime95/gwnum	https://www.mersenne.org/download/	30.19b21-source/30.19b20-win64	BDC843A547A6F91DC67004A3EFBCD99858AF7DB075ECD77B7188B23E5AC2CE2A	CUSTOM_GIMPS_EULA	9D8F6CE09E546117B64FADA383346ADFD0F0C40B3F0E4F8D5C3ED2B2A67DF6D8	Official GIMPS archives	PROHIBITED	ADAPTER	2026-08-02	SOURCE_AUDITED
DEP-0005	candidate	gpuowl PRPLL	https://github.com/preda/gpuowl	v/prpll/0.15@60818e75ef6985b4bff0939a53575c37b0b4c79a	4387B9F3EABABCE74876EE0151B5F8FE6FEFEE0B8910ECC2CF50CDEB0AD7ABE0	GPL-3.0-only	53927BD0B739D38C87A0A82236FD9B070C2DFFF11C0C119BE50372005D5047AD	Official upstream repository	NOT_REDISTRIBUTED	ADAPTER	2026-08-02	SOURCE_AUDITED
DEP-0006	reference	Frey-PRPLL	https://github.com/shitcoinsherpa/Frey-PRPLL	8dc650cfc8d4da5b6b862f87125bfd24af522f54	5EE9C5EA20B8481FF435B08BCC404A498DA806A2E162AB85F8A3CF040D71BCD2	GPL-3.0-only	53927BD0B739D38C87A0A82236FD9B070C2DFFF11C0C119BE50372005D5047AD	Unofficial GitHub fork	NOT_REDISTRIBUTED	REFERENCE_ONLY	2026-08-02	SOURCE_AUDITED
DEP-0007	candidate	Mlucas	https://github.com/primesearch/Mlucas	91188f71c1cb992e796c754a444924ec4a149649	06D8A1BE175330F056C2FE358807B21FB7830D7D7828B249DFEA7E9F4E262F97	GPL-3.0-only	230184F60BAE2FEAF244F10A8BAC053C8FF33A183BCC365B4D8B876D2B7F4809	Prime-search project repository	NOT_REDISTRIBUTED	ADAPTER	2026-08-02	SOURCE_AUDITED
DEP-0008	candidate	OpenPFGW mirror	https://github.com/primesearch/OpenPFGW	3e7ecda4e9b0d08ec1767498a107e2d7654f7b90	0F2CF555E45CCDA76EDD5A0506E215CB4B83FE856E2A0BC1A0E9D2B02E9DE7B8	COMPOSITE_CUSTOM	897184694314C2EA2E72D97331C8B394F759BDFB307E222803F4F2BE6BEAA5D9	Prime-search mirror; bundled components	PROHIBITED	ADAPTER	2026-08-02	SOURCE_AUDITED
DEP-0009	candidate	Genefer22	https://github.com/galloty/genefer22	d5060c61090942f42a908492628eba13ebd7cd82	7D07B12F193833615232332D8664519C1343028ED6BD280CE108CEB9333E4A34	MIT	2962630B5CC39B489CCEA9F200E1EE983D7017CE5882661CFA6018BD02D7CF48	Author GitHub repository	NOTICE_REQUIRED	ADAPTER	2026-08-02	SOURCE_AUDITED
DEP-0010	oracle	PARI/GP	https://pari.math.u-bordeaux.fr/pub/pari/unix/pari-2.17.4.tar.gz	2.17.4	02651D99C391007D384B3FADBC20ABC6916B77036F9E496C99E9CE8688CA4B53	GPL-2.0-or-later	8177F97513213526DF2CF6184D8FF986C675AFB514D4E68A404010521B880643	Official PARI archive; standalone official binary recorded separately	NOT_REDISTRIBUTED	LOCAL_ORACLE_ONLY	2026-08-02	REPRODUCED
DEP-0011	candidate	GMP-ECM	https://gitlab.inria.fr/zimmerma/ecm	git-7.0.7@1c038e2224992ebb40cb6a87710f64080e67dd09	A0B47DCFD235380EF12EDABC56B91E211201D6C5D6C39A0F47110270C41C3C34	GPL-3.0-or-later_AND_LGPL-3.0-or-later	319917F5CCD09878DB6F67C9A77DEE846055644CA49EB535628B9E020A87261E	Official INRIA GitLab repository	NOT_REDISTRIBUTED	ADAPTER	2026-08-02	SOURCE_AUDITED
DEP-0012	reference	CGBN	https://github.com/NVlabs/CGBN	114601b07ae8c3e4d46b250208ea8d9def7a12f0	548CAE13BB130A13EF00B86D51A0594E98A2555968825E7E1BF0B4642BB28AA7	MIT	4BC245AA005FF5768E54F33AFC7E1DAA233AA3908856F5999AD3A953F76C282A	Official NVIDIA research repository	NOT_REDISTRIBUTED	REFERENCE_ONLY	2026-08-02	SOURCE_AUDITED
DEP-0013	reference	PRST	https://github.com/patnashev/prst	v14.0@4c01b7a5ba0f63a202951797476c4f2d6ac6907a	9B09AB4A3AD669AAFCB275F20A43A0B2FF71535E45B1D6EBC73AF3285773FEDC	UNKNOWN	UNKNOWN	Author GitHub repository	PROHIBITED	REFERENCE_ONLY	2026-08-02	SOURCE_AUDITED
DEP-0014	reference	LLR2	https://github.com/patnashev/llr2	v1.3.3@51f23c6ca0da4942e0105d8b82fc14e49a812a79	658534594AC0D560814554CC64ADE933BCC3ED666E7EDAC4E9EDCFB21E17BBC2	COMPOSITE_UNKNOWN	UNKNOWN	Author GitHub repository; deprecated	PROHIBITED	REJECTED	2026-08-02	SOURCE_AUDITED
DEP-0015	oracle	proth20	https://github.com/galloty/proth20	6771325939a7ceef2c75644c79981c7df4a61882	1B4537FF7538F8FA2E0117DD2B587C789EC371ED5E2441B1E856B7989E306858	MIT	55D32C6AF388EF6BA7270B41C95FADFD043E6DD57FAE4491EE04CD69150A17D1	Author GitHub repository; locally built with unmodified source	NOT_REDISTRIBUTED	LOCAL_ORACLE_ONLY	2026-08-02	REPRODUCED
DEP-0016	reference	srsieve	https://primegrid.com/download/sr2sieve/srsieve-0.6.17-src.zip	0.6.17	E8ED7378A70A511C74D033AEF07B4664F83AEB15FF7380E319CA3200E51CBC80	GPL-2.0-or-later	6EFE207F5847ADAB276F112D673485AFA3C51D395CDA68A2026D970CEAD4EABD	PrimeGrid historical archive	NOT_REDISTRIBUTED	REFERENCE_ONLY	2026-08-02	SOURCE_AUDITED
DEP-0017	reference	NewPGen	https://www.primegrid.com/	historical	UNKNOWN	UNKNOWN	UNKNOWN	PrimeGrid historical ecosystem	PROHIBITED	REFERENCE_ONLY	2026-08-02	DOC_VERIFIED
DEP-0018	reference	sr2sieve	https://primegrid.com/download/sr2sieve/	1.8.x-archive	UNKNOWN	UNKNOWN	UNKNOWN	PrimeGrid historical archive	PROHIBITED	REFERENCE_ONLY	2026-08-02	DOC_VERIFIED
DEP-0019	candidate	mfaktc	https://github.com/primesearch/mfaktc	0.24.1@4ba8bd695a4a1e5689dce6f3d50810985ab39a41	D1C0D0E9113F202429684665A9DF412C3B853B0CD3809FAC883BF03ED840B481	GPL-3.0-only	0B383D5A63DA644F628D99C33976EA6487ED89AAA59F0B3257992DEAC1171E6B	Prime-search GitHub repository	NOT_REDISTRIBUTED	ADAPTER	2026-08-02	SOURCE_AUDITED
DEP-0020	candidate	mfakto	https://github.com/primesearch/mfakto	v0.16.0-beta.5@7c9f20bc054c12aef7b44f412eb457a2960da8f2	62A788FE6C92EA2DCECA36DFBCF429E25CDEF603568C143BAFB836FFC43FD3BC	GPL-3.0-only	0B383D5A63DA644F628D99C33976EA6487ED89AAA59F0B3257992DEAC1171E6B	Prime-search GitHub repository	NOT_REDISTRIBUTED	ADAPTER	2026-08-02	SOURCE_AUDITED
DEP-0021	reference	PSieve-CUDA	https://github.com/Ken-g6/PSieve-CUDA	401d6591461cace13029d4996b5e4202a02e748c	28F9ED7797EE0687255C592640A580E57FF365A35EC25FC8B4E8EEDDC57559EA	GPL-2.0-only	9F2E250993C6206FAC643824E05E5A0D7D3E0895D9E09A5CE4B12BC2610AFC11	Historical GitHub repository	NOT_REDISTRIBUTED	REJECTED	2026-08-02	SOURCE_AUDITED
SERVICE-0001	external_service	PrimeGrid	https://www.primegrid.com/	2026-08-02	NOT_APPLICABLE	PER_APPLICATION	NOT_APPLICABLE	Official service	NOT_REDISTRIBUTED	REFERENCE_ONLY	2026-08-02	DOC_VERIFIED
SRC-0001	paper	Proth theorem	https://fr.wikisource.org/wiki/Page:Comptes_rendus_hebdomadaires_des_s%C3%A9ances_de_l%E2%80%99Acad%C3%A9mie_des_sciences,_tome_087,_1878.djvu/932	1878	UNKNOWN	PUBLIC_DOMAIN	UNKNOWN	Original journal scan	NOT_REDISTRIBUTED	REFERENCE_ONLY	2026-08-02	DOC_VERIFIED
SRC-0002	paper	APR primality	https://doi.org/10.2307/2006975	1983	UNKNOWN	PUBLISHER_TERMS	UNKNOWN	Primary paper	NOT_REDISTRIBUTED	REFERENCE_ONLY	2026-08-02	DOC_VERIFIED
SRC-0003	paper	ECPP	https://doi.org/10.1090/S0025-5718-1993-1199989-X	1993	UNKNOWN	PUBLISHER_TERMS	UNKNOWN	Primary paper	NOT_REDISTRIBUTED	REFERENCE_ONLY	2026-08-02	DOC_VERIFIED
SRC-0004	paper	Algorithm selection problem	https://doi.org/10.1016/S0065-2458(08)60520-3	1976	UNKNOWN	PUBLISHER_TERMS	UNKNOWN	Primary paper	NOT_REDISTRIBUTED	REFERENCE_ONLY	2026-08-02	DOC_VERIFIED
SRC-0005	paper	SATzilla	https://doi.org/10.1613/JAIR.2490	2008	UNKNOWN	PUBLISHER_TERMS	UNKNOWN	Primary paper	NOT_REDISTRIBUTED	REFERENCE_ONLY	2026-08-02	DOC_VERIFIED
SRC-0006	paper	AutoFolio	https://doi.org/10.24963/ijcai.2017/715	2017	UNKNOWN	PUBLISHER_TERMS	UNKNOWN	Primary paper	NOT_REDISTRIBUTED	REFERENCE_ONLY	2026-08-02	DOC_VERIFIED
SRC-0007	paper	Pietrzak proof of exponentiation	https://eprint.iacr.org/2018/627.pdf	2018/627	UNKNOWN	IACR_EPRINT_TERMS	UNKNOWN	Primary author manuscript	NOT_REDISTRIBUTED	REFERENCE_ONLY	2026-08-02	DOC_VERIFIED
SRC-0008	paper	Gerbicz-Li proof construction	https://arxiv.org/abs/2209.15623	2209.15623	UNKNOWN	ARXIV_DISTRIBUTION	UNKNOWN	Primary author manuscript	NOT_REDISTRIBUTED	REFERENCE_ONLY	2026-08-02	DOC_VERIFIED
LICENSE-0001	project_license	Apache License 2.0	https://www.apache.org/licenses/LICENSE-2.0	2.0	04D223DDC28F864FF52ADF675D7C02B359AF9BD54F9CC074D4491185786F1A6F	Apache-2.0	04D223DDC28F864FF52ADF675D7C02B359AF9BD54F9CC074D4491185786F1A6F	Unmodified top-level license text	REDISTRIBUTED	ORIGINAL_CODE	2026-08-02	REPRODUCED
SRC-0009	license_guidance	Applying Apache License 2.0	https://www.apache.org/legal/apply-license	2026-08-02	UNKNOWN	WEBSITE_TERMS	UNKNOWN	Apache Software Foundation primary guidance	NOT_REDISTRIBUTED	REFERENCE_ONLY	2026-08-02	DOC_VERIFIED
SRC-0010	license_guidance	Apache and GPL compatibility	https://www.apache.org/licenses/GPL-compatibility	2026-08-02	UNKNOWN	WEBSITE_TERMS	UNKNOWN	Apache Software Foundation primary guidance	NOT_REDISTRIBUTED	REFERENCE_ONLY	2026-08-02	DOC_VERIFIED
SRC-0011	license_guidance	GNU license list Apache-2.0 note	https://www.gnu.org/licenses/license-list.html#apache2	2026-08-02	UNKNOWN	WEBSITE_TERMS	UNKNOWN	Free Software Foundation primary guidance	NOT_REDISTRIBUTED	REFERENCE_ONLY	2026-08-02	DOC_VERIFIED
SRC-0012	platform_guidance	Smart App Control overview	https://learn.microsoft.com/windows/apps/develop/smart-app-control/overview	2025-11-18	UNKNOWN	WEBSITE_TERMS	UNKNOWN	Microsoft primary documentation	NOT_REDISTRIBUTED	REFERENCE_ONLY	2026-08-02	DOC_VERIFIED
SRC-0013	project_status	PrimeGrid applications	https://www.primegrid.com/apps.php	2026-08-03	UNKNOWN	PER_APPLICATION	UNKNOWN	Official PrimeGrid project page	NOT_REDISTRIBUTED	REFERENCE_ONLY	2026-08-03	DOC_VERIFIED
SRC-0014	project_history	PrimeGrid Proth Search history	https://www.primegrid.com/forum_thread.php?id=9178	2024-10-08-page-state	UNKNOWN	PER_APPLICATION	UNKNOWN	Official PrimeGrid project forum maintained by project staff	NOT_REDISTRIBUTED	REFERENCE_ONLY	2026-08-03	DOC_VERIFIED
SRC-0015	project_status	PrimeGrid GFN search status	https://www.primegrid.com/gfn_history.php	2026-07-22-page-state	UNKNOWN	PER_APPLICATION	UNKNOWN	Official PrimeGrid range-status page	NOT_REDISTRIBUTED	REFERENCE_ONLY	2026-08-03	DOC_VERIFIED
TOOL-0007	tool	vcpkg	https://github.com/microsoft/vcpkg	2026-05-27-d5b6777d666efc1a7f491babfcdab37794c1ae3e	UNKNOWN	MIT	UNKNOWN	Bundled with Visual Studio; registry baseline 39344dff01c5a5a0134caf2624cdd492f05d30ea	NOT_REDISTRIBUTED	ORACLE_PROVISIONING_TOOL	2026-08-02	REPRODUCED
TOOL-0008	tool	NVIDIA CUDA Toolkit	https://developer.nvidia.com/cuda-toolkit	13.3.1; nvcc 13.3.73; cudart 13.3.29	92D993C6E7025E1597D0D895E65E8658F5F1D41576A477656647A7EECE2CD35F	NVIDIA_CUDA_TOOLKIT_EULA	7771F1EF8E9300BA175CF58E9DCC1DF55D9DD82D3FC960C4C6DB0C66354E418C	Locally installed official NVIDIA distribution under C:/Program Files/NVIDIA GPU Computing Toolkit/CUDA/v13.3	NOT_REDISTRIBUTED	OPTIONAL_LOCAL_CUDA_ENGINE	2026-08-03	LICENSE_VERIFIED
TOOL-0009	sensor_probe	LibreHardwareMonitor	https://github.com/LibreHardwareMonitor/LibreHardwareMonitor/releases/download/v0.9.6/LibreHardwareMonitor.zip	v0.9.6@3d331e3370efb858411f19511373eff65a218701	086D9F1B5A99E643EDC2CFAAAC16051685B551E4C5AC0B32A57C58C0E529C001	MPL-2.0	2684DE17300E0A434686F1EC7F8AF6045207A4B457A3FE04B2B9CE655E7C5D50	Official GitHub release; THIRD-PARTY-NOTICES SHA-256 6AF0730CBCECCADD2F700EC6516869D8D02A32C01E0D7D68B363EBFCD2592DD1	NOT_REDISTRIBUTED	LOCAL_SENSOR_PROBE_ONLY	2026-08-03	PROBE_INCONCLUSIVE
ORACLE-0001	binary	PARI/GP standalone Windows	https://pari.math.u-bordeaux.fr/pub/pari/windows/gp64-2-17-4.exe	2.17.4	518EA54D23832211356C99D1BB58B74A3F0ACD354A965543E7BCCA9B34030119	GPL-2.0-or-later	8177F97513213526DF2CF6184D8FF986C675AFB514D4E68A404010521B880643	Official PARI Windows distribution	NOT_REDISTRIBUTED	LOCAL_ORACLE_ONLY	2026-08-02	REPRODUCED
DEP-0022	oracle_transitive	MPFR	https://www.mpfr.org/mpfr-4.2.2/mpfr-4.2.2.tar.xz	4.2.2#1	B67BA0383EF7E8A8563734E2E889EF5EC3C3B898A01D00FA0A6869AD81C6CE01	LGPL-3.0-or-later	UNKNOWN	Official MPFR archive via pinned vcpkg	NOT_REDISTRIBUTED	LOCAL_ORACLE_TRANSITIVE	2026-08-02	RUNTIME_LOADED
DEP-0023	oracle_transitive	pthreads4w	https://sourceforge.net/projects/pthreads4w/files/pthreads4w-code-v3.0.0.zip	3.0.0#14	B81136EFFB7185C77601FE2E0E6AC19BD996912E4814CEBDD3010B0FAC9E259B	Apache-2.0	UNKNOWN	Upstream archive via pinned vcpkg	NOT_REDISTRIBUTED	LOCAL_ORACLE_TRANSITIVE	2026-08-02	RUNTIME_LOADED
TOOL-0010	local_telemetry_service	L-Connect 3	https://lian-li.com/l-connect3/	UI 2.1.26.0; service 1.0.0.0	59C4740BC642022136EC9C98576ABDEC149574045ECDFBCD5165F119713A7EA7	PROPRIETARY_OR_UNPUBLISHED_TERMS	UNKNOWN	Official target-local installation; UI SHA-256 2282AF7F707DD5248D86A67708FF9A32940CC4858EA2BF2285B39FFDFF4D0353; core SHA-256 2C2B0D0D56845FF7FA12273129D89E53EC6627A2FE8F8DEABBD6DF2A1A7641DA	NOT_REDISTRIBUTED	LOCAL_LOOPBACK_TELEMETRY_ONLY	2026-08-03	PRIVATE_TARGET_USE_REVIEWED
DEP-0024	local_telemetry_transitive	HWiNFO64 SDK DLL	https://www.hwinfo.com/sdk/	8.47.0.0	DEC7846A36BFC58275B630F2DED5418F8E0A552000C9623CC5217E6F7D03E54B	COMMERCIAL_SDK_TERMS	UNKNOWN	Transitive DLL shipped inside the target's L-Connect installation; PrimeForge does not call or load it	NOT_REDISTRIBUTED	TRANSITIVE_LOCAL_SENSOR_ENGINE_NOT_CALLED	2026-08-03	TRANSITIVE_OBSERVED
