id	kind	name	primary_url	revision	sha256	license	license_sha256	provenance	redistribution	integration	audit_date	status
SPEC-0001	specification	Programme de recherche PrimeForge pas a pas 2026-08-02	local:docs/specifications/Programme_de_recherche_PrimeForge_pas_a_pas_2026-08-02.txt	1.0	A87A3DDDF710E3080C9A3F1247644FF9505ECBCF470358015E9EDF19214A01C1	UNSPECIFIED	UNKNOWN	User-provided original file	NOT_AUTHORIZED_BY_APACHE_SCOPE	REFERENCE_ONLY	2026-08-02	REPRODUCED
TOOL-0001	tool	Git	UNKNOWN	2.53.0.windows.3	UNKNOWN	UNKNOWN	UNKNOWN	Local installed executable	NOT_REDISTRIBUTED	DEVELOPMENT_TOOL	2026-08-02	REPRODUCED
TOOL-0002	tool	GitHub CLI	https://github.com/cli/cli	2.97.0	UNKNOWN	MIT	UNKNOWN	Official installation requested for private repository creation	NOT_REDISTRIBUTED	DEVELOPMENT_TOOL	2026-08-02	REPRODUCED
TOOL-0003	tool	Microsoft Visual Studio Community / MSVC	https://visualstudio.microsoft.com/	VS 18.8.2; MSVC 19.51.36252.0	UNKNOWN	PROPRIETARY	UNKNOWN	Locally installed official Visual Studio distribution	NOT_REDISTRIBUTED	BUILD_TOOL	2026-08-02	REPRODUCED
TOOL-0004	tool	CMake	https://cmake.org/	4.3.1-msvc1	UNKNOWN	BSD-3-Clause	UNKNOWN	Bundled with the local Visual Studio installation	NOT_REDISTRIBUTED	BUILD_TOOL	2026-08-02	REPRODUCED
TOOL-0005	tool	Ninja	https://ninja-build.org/	1.13.2	UNKNOWN	Apache-2.0	UNKNOWN	Bundled with the local Visual Studio installation	NOT_REDISTRIBUTED	BUILD_TOOL	2026-08-02	REPRODUCED
TOOL-0006	tool	Windows SDK	https://developer.microsoft.com/windows/downloads/windows-sdk/	10.0.26100.0	UNKNOWN	PROPRIETARY	UNKNOWN	Locally installed official Visual Studio component	NOT_REDISTRIBUTED	BUILD_TOOL	2026-08-02	REPRODUCED
CI-0001	ci_action	actions/checkout	https://github.com/actions/checkout	11d5960a326750d5838078e36cf38b85af677262	UNKNOWN	MIT	3E855FFA704114A51628EF8F0BF3AEB41728ADF9D9070E263BF58AA5640B0EB5	Official GitHub repository; immutable commit pin	NOT_REDISTRIBUTED	CI_ONLY	2026-08-02	LICENSE_VERIFIED
